
Microsoft Visual Studio Solution File, Format Version 12.00
# Visual Studio Version 17
VisualStudioVersion = 17.13.35828.75 d17.13
MinimumVisualStudioVersion = 10.0.40219.1
Project("{FAE04EC0-301F-11D3-BF4B-00C04F79EFBC}") = "S4 - WeatherSimulator", "S4 - WeatherSimulator\S4 - WeatherSimulator.csproj", "{C234A0ED-85F6-420B-89BA-5050B40CB151}"
EndProject
Global
	GlobalSection(SolutionConfigurationPlatforms) = preSolution
		Debug|Any CPU = Debug|Any CPU
		Release|Any CPU = Release|Any CPU
	EndGlobalSection
	GlobalSection(ProjectConfigurationPlatforms) = postSolution
		{C234A0ED-85F6-420B-89BA-5050B40CB151}.Debug|Any CPU.ActiveCfg = Debug|Any CPU
		{C234A0ED-85F6-420B-89BA-5050B40CB151}.Debug|Any CPU.Build.0 = Debug|Any CPU
		{C234A0ED-85F6-420B-89BA-5050B40CB151}.Release|Any CPU.ActiveCfg = Release|Any CPU
		{C234A0ED-85F6-420B-89BA-5050B40CB151}.Release|Any CPU.Build.0 = Release|Any CPU
	EndGlobalSection
	GlobalSection(SolutionProperties) = preSolution
		HideSolutionNode = FALSE
	EndGlobalSection
	GlobalSection(ExtensibilityGlobals) = postSolution
		SolutionGuid = {33256FA4-781F-4F94-9A6F-282A1F82A778}
	EndGlobalSection
EndGlobal
